
Microsoft Visual Studio Solution File, Format Version 12.00
# Visual Studio Version 17
VisualStudioVersion = 17.7.34221.43
MinimumVisualStudioVersion = 10.0.40219.1
Project("{9A19103F-16F7-4668-BE54-9A1E7A4F7556}") = "ArchiveGOST", "ArchiveGOST\ArchiveGOST.csproj", "{EDCEBE74-2DDE-44C5-88A5-37584811AE6E}"
EndProject
Project("{9A19103F-16F7-4668-BE54-9A1E7A4F7556}") = "ArchiveGOST_DbLibrary", "ArchiveGOST_DbLibrary\ArchiveGOST_DbLibrary.csproj", "{909FEDAC-A4EB-48E0-9629-0682AAB2A809}"
EndProject
Project("{9A19103F-16F7-4668-BE54-9A1E7A4F7556}") = "AcrhiveModels", "AcrhiveModels\AcrhiveModels.csproj", "{B1E81ED1-F88E-4C0F-A09F-AFF4F0F51C5A}"
EndProject
Project("{9A19103F-16F7-4668-BE54-9A1E7A4F7556}") = "Archive_Helpers", "Archive_Helpers\Archive_Helpers.csproj", "{714E5CF4-5B41-48BD-9A8B-1C7B6006E0A0}"
EndProject
Project("{FAE04EC0-301F-11D3-BF4B-00C04F79EFBC}") = "DataBaseLayer", "DataBaseLayer\DataBaseLayer.csproj", "{7FBEED8B-4D9A-4BBD-A3D2-C354DB6E55DA}"
EndProject
Project("{FAE04EC0-301F-11D3-BF4B-00C04F79EFBC}") = "ServiceLayer", "ServiceLayer\ServiceLayer.csproj", "{2D280B99-369E-482B-A5B7-93D63BE194E1}"
EndProject
Global
	GlobalSection(SolutionConfigurationPlatforms) = preSolution
		Debug|Any CPU = Debug|Any CPU
		Release|Any CPU = Release|Any CPU
	EndGlobalSection
	GlobalSection(ProjectConfigurationPlatforms) = postSolution
		{EDCEBE74-2DDE-44C5-88A5-37584811AE6E}.Debug|Any CPU.ActiveCfg = Debug|Any CPU
		{EDCEBE74-2DDE-44C5-88A5-37584811AE6E}.Debug|Any CPU.Build.0 = Debug|Any CPU
		{EDCEBE74-2DDE-44C5-88A5-37584811AE6E}.Release|Any CPU.ActiveCfg = Release|Any CPU
		{EDCEBE74-2DDE-44C5-88A5-37584811AE6E}.Release|Any CPU.Build.0 = Release|Any CPU
		{909FEDAC-A4EB-48E0-9629-0682AAB2A809}.Debug|Any CPU.ActiveCfg = Debug|Any CPU
		{909FEDAC-A4EB-48E0-9629-0682AAB2A809}.Debug|Any CPU.Build.0 = Debug|Any CPU
		{909FEDAC-A4EB-48E0-9629-0682AAB2A809}.Release|Any CPU.ActiveCfg = Release|Any CPU
		{909FEDAC-A4EB-48E0-9629-0682AAB2A809}.Release|Any CPU.Build.0 = Release|Any CPU
		{B1E81ED1-F88E-4C0F-A09F-AFF4F0F51C5A}.Debug|Any CPU.ActiveCfg = Debug|Any CPU
		{B1E81ED1-F88E-4C0F-A09F-AFF4F0F51C5A}.Debug|Any CPU.Build.0 = Debug|Any CPU
		{B1E81ED1-F88E-4C0F-A09F-AFF4F0F51C5A}.Release|Any CPU.ActiveCfg = Release|Any CPU
		{B1E81ED1-F88E-4C0F-A09F-AFF4F0F51C5A}.Release|Any CPU.Build.0 = Release|Any CPU
		{714E5CF4-5B41-48BD-9A8B-1C7B6006E0A0}.Debug|Any CPU.ActiveCfg = Debug|Any CPU
		{714E5CF4-5B41-48BD-9A8B-1C7B6006E0A0}.Debug|Any CPU.Build.0 = Debug|Any CPU
		{714E5CF4-5B41-48BD-9A8B-1C7B6006E0A0}.Release|Any CPU.ActiveCfg = Release|Any CPU
		{714E5CF4-5B41-48BD-9A8B-1C7B6006E0A0}.Release|Any CPU.Build.0 = Release|Any CPU
		{7FBEED8B-4D9A-4BBD-A3D2-C354DB6E55DA}.Debug|Any CPU.ActiveCfg = Debug|Any CPU
		{7FBEED8B-4D9A-4BBD-A3D2-C354DB6E55DA}.Debug|Any CPU.Build.0 = Debug|Any CPU
		{7FBEED8B-4D9A-4BBD-A3D2-C354DB6E55DA}.Release|Any CPU.ActiveCfg = Release|Any CPU
		{7FBEED8B-4D9A-4BBD-A3D2-C354DB6E55DA}.Release|Any CPU.Build.0 = Release|Any CPU
		{2D280B99-369E-482B-A5B7-93D63BE194E1}.Debug|Any CPU.ActiveCfg = Debug|Any CPU
		{2D280B99-369E-482B-A5B7-93D63BE194E1}.Debug|Any CPU.Build.0 = Debug|Any CPU
		{2D280B99-369E-482B-A5B7-93D63BE194E1}.Release|Any CPU.ActiveCfg = Release|Any CPU
		{2D280B99-369E-482B-A5B7-93D63BE194E1}.Release|Any CPU.Build.0 = Release|Any CPU
	EndGlobalSection
	GlobalSection(SolutionProperties) = preSolution
		HideSolutionNode = FALSE
	EndGlobalSection
	GlobalSection(ExtensibilityGlobals) = postSolution
		SolutionGuid = {A98A5A7F-F99F-4B54-A201-930A2F7EAF5F}
	EndGlobalSection
EndGlobal
